
Microsoft Visual Studio Solution File, Format Version 12.00
# Visual Studio Version 16
VisualStudioVersion = 16.0.29215.179
MinimumVisualStudioVersion = 10.0.40219.1
Project("{FAE04EC0-301F-11D3-BF4B-00C04F79EFBC}") = "EjemploAngular2", "EjemploAngular2\EjemploAngular2.csproj", "{ABF6CD44-6419-468A-BE65-DE25EEE6691A}"
EndProject
Global
	GlobalSection(SolutionConfigurationPlatforms) = preSolution
		Debug|Any CPU = Debug|Any CPU
		Release|Any CPU = Release|Any CPU
	EndGlobalSection
	GlobalSection(ProjectConfigurationPlatforms) = postSolution
		{ABF6CD44-6419-468A-BE65-DE25EEE6691A}.Debug|Any CPU.ActiveCfg = Debug|Any CPU
		{ABF6CD44-6419-468A-BE65-DE25EEE6691A}.Debug|Any CPU.Build.0 = Debug|Any CPU
		{ABF6CD44-6419-468A-BE65-DE25EEE6691A}.Release|Any CPU.ActiveCfg = Release|Any CPU
		{ABF6CD44-6419-468A-BE65-DE25EEE6691A}.Release|Any CPU.Build.0 = Release|Any CPU
	EndGlobalSection
	GlobalSection(SolutionProperties) = preSolution
		HideSolutionNode = FALSE
	EndGlobalSection
	GlobalSection(ExtensibilityGlobals) = postSolution
		SolutionGuid = {CD832FDD-842E-4D71-B3B9-5B89B2EB02C2}
	EndGlobalSection
EndGlobal
